// !$*UTF8*$!
{
	archiveVersion = 1;
	classes = {
	};
	objectVersion = 46;
	objects = {

/* Begin PBXBuildFile section */
		F72809AD1DBE130500B67AF4 /* AppDelegate.swift in Sources */ = {isa = PBXBuildFile; fileRef = F72809AC1DBE130500B67AF4 /* AppDelegate.swift */; };
		F72809AF1DBE130500B67AF4 /* ViewController.swift in Sources */ = {isa = PBXBuildFile; fileRef = F72809AE1DBE130500B67AF4 /* ViewController.swift */; };
		F72809B21DBE130500B67AF4 /* Main.storyboard in Resources */ = {isa = PBXBuildFile; fileRef = F72809B01DBE130500B67AF4 /* Main.storyboard */; };
		F72809B41DBE130500B67AF4 /* Assets.xcassets in Resources */ = {isa = PBXBuildFile; fileRef = F72809B31DBE130500B67AF4 /* Assets.xcassets */; };
		F72809B71DBE130500B67AF4 /* LaunchScreen.storyboard in Resources */ = {isa = PBXBuildFile; fileRef = F72809B51DBE130500B67AF4 /* LaunchScreen.storyboard */; };
/* End PBXBuildFile section */

/* Begin PBXFileReference section */
		F72809A91DBE130500B67AF4 /* Location Aware.app */ = {isa = PBXFileReference; explicitFileType = wrapper.application; includeInIndex = 0; path = "Location Aware.app"; sourceTree = BUILT_PRODUCTS_DIR; };
		F72809AC1DBE130500B67AF4 /* AppDelegate.swift */ = {isa = PBXFileReference; lastKnownFileType = sourcecode.swift; path = AppDelegate.swift; sourceTree = "<group>"; };
		F72809AE1DBE130500B67AF4 /* ViewController.swift */ = {isa = PBXFileReference; lastKnownFileType = sourcecode.swift; path = ViewController.swift; sourceTree = "<group>"; };
		F72809B11DBE130500B67AF4 /* Base */ = {isa = PBXFileReference; lastKnownFileType = file.storyboard; name = Base; path = Base.lproj/Main.storyboard; sourceTree = "<group>"; };
		F72809B31DBE130500B67AF4 /* Assets.xcassets */ = {isa = PBXFileReference; lastKnownFileType = folder.assetcatalog; path = Assets.xcassets; sourceTree = "<group>"; };
		F72809B61DBE130500B67AF4 /* Base */ = {isa = PBXFileReference; lastKnownFileType = file.storyboard; name = Base; path = Base.lproj/LaunchScreen.storyboard; sourceTree = "<group>"; };
		F72809B81DBE130500B67AF4 /* Info.plist */ = {isa = PBXFileReference; lastKnownFileType = text.plist.xml; path = Info.plist; sourceTree = "<group>"; };
/* End PBXFileReference section */

/* Begin PBXFrameworksBuildPhase section */
		F72809A61DBE130500B67AF4 /* Frameworks */ = {
			isa = PBXFrameworksBuildPhase;
			buildActionMask = 2147483647;
			files = (
			);
			runOnlyForDeploymentPostprocessing = 0;
		};
/* End PBXFrameworksBuildPhase section */

/* Begin PBXGroup section */
		F72809A01DBE130500B67AF4 = {
			isa = PBXGroup;
			children = (
				F72809AB1DBE130500B67AF4 /* Location Aware */,
				F72809AA1DBE130500B67AF4 /* Products */,
			);
			sourceTree = "<group>";
		};
		F72809AA1DBE130500B67AF4 /* Products */ = {
			isa = PBXGroup;
			children = (
				F72809A91DBE130500B67AF4 /* Location Aware.app */,
			);
			name = Products;
			sourceTree = "<group>";
		};
		F72809AB1DBE130500B67AF4 /* Location Aware */ = {
			isa = PBXGroup;
			children = (
				F72809AC1DBE130500B67AF4 /* AppDelegate.swift */,
				F72809AE1DBE130500B67AF4 /* ViewController.swift */,
				F72809B01DBE130500B67AF4 /* Main.storyboard */,
				F72809B31DBE130500B67AF4 /* Assets.xcassets */,
				F72809B51DBE130500B67AF4 /* LaunchScreen.storyboard */,
				F72809B81DBE130500B67AF4 /* Info.plist */,
			);
			path = "Location Aware";
			sourceTree = "<group>";
		};
/* End PBXGroup section */

/* Begin PBXNativeTarget section */
		F72809A81DBE130500B67AF4 /* Location Aware */ = {
			isa = PBXNativeTarget;
			buildConfigurationList = F72809BB1DBE130500B67AF4 /* Build configuration list for PBXNativeTarget "Location Aware" */;
			buildPhases = (
				F72809A51DBE130500B67AF4 /* Sources */,
				F72809A61DBE130500B67AF4 /* Frameworks */,
				F72809A71DBE130500B67AF4 /* Resources */,
			);
			buildRules = (
			);
			dependencies = (
			);
			name = "Location Aware";
			productName = "Location Aware";
			productReference = F72809A91DBE130500B67AF4 /* Location Aware.app */;
			productType = "com.apple.product-type.application";
		};
/* End PBXNativeTarget section */

/* Begin PBXProject section */
		F72809A11DBE130500B67AF4 /* Project object */ = {
			isa = PBXProject;
			attributes = {
				LastSwiftUpdateCheck = 0800;
				LastUpgradeCheck = 0800;
				ORGANIZATIONNAME = VXette;
				TargetAttributes = {
					F72809A81DBE130500B67AF4 = {
						CreatedOnToolsVersion = 8.0;
						DevelopmentTeam = 649KJCZ7RD;
						ProvisioningStyle = Automatic;
					};
				};
			};
			buildConfigurationList = F72809A41DBE130500B67AF4 /* Build configuration list for PBXProject "Location Aware" */;
			compatibilityVersion = "Xcode 3.2";
			developmentRegion = English;
			hasScannedForEncodings = 0;
			knownRegions = (
				en,
				Base,
			);
			mainGroup = F72809A01DBE130500B67AF4;
			productRefGroup = F72809AA1DBE130500B67AF4 /* Products */;
			projectDirPath = "";
			projectRoot = "";
			targets = (
				F72809A81DBE130500B67AF4 /* Location Aware */,
			);
		};
/* End PBXProject section */

/* Begin PBXResourcesBuildPhase section */
		F72809A71DBE130500B67AF4 /* Resources */ = {
			isa = PBXResourcesBuildPhase;
			buildActionMask = 2147483647;
			files = (
				F72809B71DBE130500B67AF4 /* LaunchScreen.storyboard in Resources */,
				F72809B41DBE130500B67AF4 /* Assets.xcassets in Resources */,
				F72809B21DBE130500B67AF4 /* Main.storyboard in Resources */,
			);
			runOnlyForDeploymentPostprocessing = 0;
		};
/* End PBXResourcesBuildPhase section */

/* Begin PBXSourcesBuildPhase section */
		F72809A51DBE130500B67AF4 /* Sources */ = {
			isa = PBXSourcesBuildPhase;
			buildActionMask = 2147483647;
			files = (
				F72809AF1DBE130500B67AF4 /* ViewController.swift in Sources */,
				F72809AD1DBE130500B67AF4 /* AppDelegate.swift in Sources */,
			);
			runOnlyForDeploymentPostprocessing = 0;
		};
/* End PBXSourcesBuildPhase section */

/* Begin PBXVariantGroup section */
		F72809B01DBE130500B67AF4 /* Main.storyboard */ = {
			isa = PBXVariantGroup;
			children = (
				F72809B11DBE130500B67AF4 /* Base */,
			);
			name = Main.storyboard;
			sourceTree = "<group>";
		};
		F72809B51DBE130500B67AF4 /* LaunchScreen.storyboard */ = {
			isa = PBXVariantGroup;
			children = (
				F72809B61DBE130500B67AF4 /* Base */,
			);
			name = LaunchScreen.storyboard;
			sourceTree = "<group>";
		};
/* End PBXVariantGroup section */

/* Begin XCBuildConfiguration section */
		F72809B91DBE130500B67AF4 /* Debug */ = {
			isa = XCBuildConfiguration;
			buildSettings = {
				ALWAYS_SEARCH_USER_PATHS = NO;
				CLANG_ANALYZER_NONNULL = YES;
				CLANG_CXX_LANGUAGE_STANDARD = "gnu++0x";
				CLANG_CXX_LIBRARY = "libc++";
				CLANG_ENABLE_MODULES = YES;
				CLANG_ENABLE_OBJC_ARC = YES;
				CLANG_WARN_BOOL_CONVERSION = YES;
				CLANG_WARN_CONSTANT_CONVERSION = YES;
				CLANG_WARN_DIRECT_OBJC_ISA_USAGE = YES_ERROR;
				CLANG_WARN_DOCUMENTATION_COMMENTS = YES;
				CLANG_WARN_EMPTY_BODY = YES;
				CLANG_WARN_ENUM_CONVERSION = YES;
				CLANG_WARN_INFINITE_RECURSION = YES;
				CLANG_WARN_INT_CONVERSION = YES;
				CLANG_WARN_OBJC_ROOT_CLASS = YES_ERROR;
				CLANG_WARN_SUSPICIOUS_MOVES = YES;
				CLANG_WARN_UNREACHABLE_CODE = YES;
				CLANG_WARN__DUPLICATE_METHOD_MATCH = YES;
				"CODE_SIGN_IDENTITY[sdk=iphoneos*]" = "iPhone Developer";
				COPY_PHASE_STRIP = NO;
				DEBUG_INFORMATION_FORMAT = dwarf;
				ENABLE_STRICT_OBJC_MSGSEND = YES;
				ENABLE_TESTABILITY = YES;
				GCC_C_LANGUAGE_STANDARD = gnu99;
				GCC_DYNAMIC_NO_PIC = NO;
				GCC_NO_COMMON_BLOCKS = YES;
				GCC_OPTIMIZATION_LEVEL = 0;
				GCC_PREPROCESSOR_DEFINITIONS = (
					"DEBUG=1",
					"$(inherited)",
				);
				GCC_WARN_64_TO_32_BIT_CONVERSION = YES;
				GCC_WARN_ABOUT_RETURN_TYPE = YES_ERROR;
				GCC_WARN_UNDECLARED_SELECTOR = YES;
				GCC_WARN_UNINITIALIZED_AUTOS = YES_AGGRESSIVE;
				GCC_WARN_UNUSED_FUNCTION = YES;
				GCC_WARN_UNUSED_VARIABLE = YES;
				IPHONEOS_DEPLOYMENT_TARGET = 10.0;
				MTL_ENABLE_DEBUG_INFO = YES;
				ONLY_ACTIVE_ARCH = YES;
				SDKROOT = iphoneos;
				SWIFT_ACTIVE_COMPILATION_CONDITIONS = DEBUG;
				SWIFT_OPTIMIZATION_LEVEL = "-Onone";
				TARGETED_DEVICE_FAMILY = "1,2";
			};
			name = Debug;
		};
		F72809BA1DBE130500B67AF4 /* Release */ = {
			isa = XCBuildConfiguration;
			buildSettings = {
				ALWAYS_SEARCH_USER_PATHS = NO;
				CLANG_ANALYZER_NONNULL = YES;
				CLANG_CXX_LANGUAGE_STANDARD = "gnu++0x";
				CLANG_CXX_LIBRARY = "libc++";
				CLANG_ENABLE_MODULES = YES;
				CLANG_ENABLE_OBJC_ARC = YES;
				CLANG_WARN_BOOL_CONVERSION = YES;
				CLANG_WARN_CONSTANT_CONVERSION = YES;
				CLANG_WARN_DIRECT_OBJC_ISA_USAGE = YES_ERROR;
				CLANG_WARN_DOCUMENTATION_COMMENTS = YES;
				CLANG_WARN_EMPTY_BODY = YES;
				CLANG_WARN_ENUM_CONVERSION = YES;
				CLANG_WARN_INFINITE_RECURSION = YES;
				CLANG_WARN_INT_CONVERSION = YES;
				CLANG_WARN_OBJC_ROOT_CLASS = YES_ERROR;
				CLANG_WARN_SUSPICIOUS_MOVES = YES;
				CLANG_WARN_UNREACHABLE_CODE = YES;
				CLANG_WARN__DUPLICATE_METHOD_MATCH = YES;
				"CODE_SIGN_IDENTITY[sdk=iphoneos*]" = "iPhone Developer";
				COPY_PHASE_STRIP = NO;
				DEBUG_INFORMATION_FORMAT = "dwarf-with-dsym";
				ENABLE_NS_ASSERTIONS = NO;
				ENABLE_STRICT_OBJC_MSGSEND = YES;
				GCC_C_LANGUAGE_STANDARD = gnu99;
				GCC_NO_COMMON_BLOCKS = YES;
				GCC_WARN_64_TO_32_BIT_CONVERSION = YES;
				GCC_WARN_ABOUT_RETURN_TYPE = YES_ERROR;
				GCC_WARN_UNDECLARED_SELECTOR = YES;
				GCC_WARN_UNINITIALIZED_AUTOS = YES_AGGRESSIVE;
				GCC_WARN_UNUSED_FUNCTION = YES;
				GCC_WARN_UNUSED_VARIABLE = YES;
				IPHONEOS_DEPLOYMENT_TARGET = 10.0;
				MTL_ENABLE_DEBUG_INFO = NO;
				SDKROOT = iphoneos;
				SWIFT_OPTIMIZATION_LEVEL = "-Owholemodule";
				TARGETED_DEVICE_FAMILY = "1,2";
				VALIDATE_PRODUCT = YES;
			};
			name = Release;
		};
		F72809BC1DBE130500B67AF4 /* Debug */ = {
			isa = XCBuildConfiguration;
			buildSettings = {
				ASSETCATALOG_COMPILER_APPICON_NAME = AppIcon;
				DEVELOPMENT_TEAM = 649KJCZ7RD;
				INFOPLIST_FILE = "Location Aware/Info.plist";
				LD_RUNPATH_SEARCH_PATHS = "$(inherited) @executable_path/Frameworks";
				PRODUCT_BUNDLE_IDENTIFIER = "com.vxette.Location-Aware";
				PRODUCT_NAME = "$(TARGET_NAME)";
				SWIFT_VERSION = 3.0;
			};
			name = Debug;
		};
		F72809BD1DBE130500B67AF4 /* Release */ = {
			isa = XCBuildConfiguration;
			buildSettings = {
				ASSETCATALOG_COMPILER_APPICON_NAME = AppIcon;
				DEVELOPMENT_TEAM = 649KJCZ7RD;
				INFOPLIST_FILE = "Location Aware/Info.plist";
				LD_RUNPATH_SEARCH_PATHS = "$(inherited) @executable_path/Frameworks";
				PRODUCT_BUNDLE_IDENTIFIER = "com.vxette.Location-Aware";
				PRODUCT_NAME = "$(TARGET_NAME)";
				SWIFT_VERSION = 3.0;
			};
			name = Release;
		};
/* End XCBuildConfiguration section */

/* Begin XCConfigurationList section */
		F72809A41DBE130500B67AF4 /* Build configuration list for PBXProject "Location Aware" */ = {
			isa = XCConfigurationList;
			buildConfigurations = (
				F72809B91DBE130500B67AF4 /* Debug */,
				F72809BA1DBE130500B67AF4 /* Release */,
			);
			defaultConfigurationIsVisible = 0;
			defaultConfigurationName = Release;
		};
		F72809BB1DBE130500B67AF4 /* Build configuration list for PBXNativeTarget "Location Aware" */ = {
			isa = XCConfigurationList;
			buildConfigurations = (
				F72809BC1DBE130500B67AF4 /* Debug */,
				F72809BD1DBE130500B67AF4 /* Release */,
			);
			defaultConfigurationIsVisible = 0;
		};
/* End XCConfigurationList section */
	};
	rootObject = F72809A11DBE130500B67AF4 /* Project object */;
}
